
Microsoft Visual Studio Solution File, Format Version 12.00
# Visual Studio Version 17
VisualStudioVersion = 17.0.31903.59
MinimumVisualStudioVersion = 10.0.40219.1
Project("{2150E333-8FDC-42A3-9474-1A3956D46DE8}") = "BackEnd", "BackEnd", "{99177F50-AACD-4FE7-B07E-8E90FF359BE8}"
EndProject
Project("{FAE04EC0-301F-11D3-BF4B-00C04F79EFBC}") = "RS.Core", "BackEnd\RS.Core\RS.Core.csproj", "{F37BD2BE-8329-4C86-BEF2-7F2B8C59386C}"
EndProject
Project("{FAE04EC0-301F-11D3-BF4B-00C04F79EFBC}") = "RS.Logging.Domain", "BackEnd\RS.Logging.Domain\RS.Logging.Domain.csproj", "{78D40DD6-6A76-4FC4-9BD8-B1F42C8BAD1B}"
EndProject
Project("{FAE04EC0-301F-11D3-BF4B-00C04F79EFBC}") = "RS.Logging.Infra", "BackEnd\RS.Logging.Infra\RS.Logging.Infra.csproj", "{7EE889DB-21C3-46B2-B219-F3184A3373A4}"
EndProject
Project("{FAE04EC0-301F-11D3-BF4B-00C04F79EFBC}") = "RS.Logging.API", "BackEnd\RS.Logging.API\RS.Logging.API.csproj", "{8AC11F15-2557-43B4-8F4B-0F561D8F2C4E}"
EndProject
Global
	GlobalSection(SolutionConfigurationPlatforms) = preSolution
		Debug|Any CPU = Debug|Any CPU
		Release|Any CPU = Release|Any CPU
	EndGlobalSection
	GlobalSection(ProjectConfigurationPlatforms) = postSolution
		{F37BD2BE-8329-4C86-BEF2-7F2B8C59386C}.Debug|Any CPU.ActiveCfg = Debug|Any CPU
		{F37BD2BE-8329-4C86-BEF2-7F2B8C59386C}.Debug|Any CPU.Build.0 = Debug|Any CPU
		{F37BD2BE-8329-4C86-BEF2-7F2B8C59386C}.Release|Any CPU.ActiveCfg = Release|Any CPU
		{F37BD2BE-8329-4C86-BEF2-7F2B8C59386C}.Release|Any CPU.Build.0 = Release|Any CPU
		{78D40DD6-6A76-4FC4-9BD8-B1F42C8BAD1B}.Debug|Any CPU.ActiveCfg = Debug|Any CPU
		{78D40DD6-6A76-4FC4-9BD8-B1F42C8BAD1B}.Debug|Any CPU.Build.0 = Debug|Any CPU
		{78D40DD6-6A76-4FC4-9BD8-B1F42C8BAD1B}.Release|Any CPU.ActiveCfg = Release|Any CPU
		{78D40DD6-6A76-4FC4-9BD8-B1F42C8BAD1B}.Release|Any CPU.Build.0 = Release|Any CPU
		{7EE889DB-21C3-46B2-B219-F3184A3373A4}.Debug|Any CPU.ActiveCfg = Debug|Any CPU
		{7EE889DB-21C3-46B2-B219-F3184A3373A4}.Debug|Any CPU.Build.0 = Debug|Any CPU
		{7EE889DB-21C3-46B2-B219-F3184A3373A4}.Release|Any CPU.ActiveCfg = Release|Any CPU
		{7EE889DB-21C3-46B2-B219-F3184A3373A4}.Release|Any CPU.Build.0 = Release|Any CPU
		{8AC11F15-2557-43B4-8F4B-0F561D8F2C4E}.Debug|Any CPU.ActiveCfg = Debug|Any CPU
		{8AC11F15-2557-43B4-8F4B-0F561D8F2C4E}.Debug|Any CPU.Build.0 = Debug|Any CPU
		{8AC11F15-2557-43B4-8F4B-0F561D8F2C4E}.Release|Any CPU.ActiveCfg = Release|Any CPU
		{8AC11F15-2557-43B4-8F4B-0F561D8F2C4E}.Release|Any CPU.Build.0 = Release|Any CPU
	EndGlobalSection
	GlobalSection(SolutionProperties) = preSolution
		HideSolutionNode = FALSE
	EndGlobalSection
	GlobalSection(NestedProjects) = preSolution
		{F37BD2BE-8329-4C86-BEF2-7F2B8C59386C} = {99177F50-AACD-4FE7-B07E-8E90FF359BE8}
		{78D40DD6-6A76-4FC4-9BD8-B1F42C8BAD1B} = {99177F50-AACD-4FE7-B07E-8E90FF359BE8}
		{7EE889DB-21C3-46B2-B219-F3184A3373A4} = {99177F50-AACD-4FE7-B07E-8E90FF359BE8}
		{8AC11F15-2557-43B4-8F4B-0F561D8F2C4E} = {99177F50-AACD-4FE7-B07E-8E90FF359BE8}
	EndGlobalSection
EndGlobal
